
Microsoft Visual Studio Solution File, Format Version 12.00
# Visual Studio Version 17
VisualStudioVersion = 17.0.31903.59
MinimumVisualStudioVersion = 10.0.40219.1
Project("{FAE04EC0-301F-11D3-BF4B-00C04F79EFBC}") = "API", "API\API.csproj", "{147BCFCB-F90E-40DB-8092-8108BE9C186F}"
EndProject
Project("{FAE04EC0-301F-11D3-BF4B-00C04F79EFBC}") = "Core", "Core\Core.csproj", "{0B1A2C24-6846-438B-8168-BAFAD8B81994}"
EndProject
Project("{FAE04EC0-301F-11D3-BF4B-00C04F79EFBC}") = "Infrastructure", "Infrastructure\Infrastructure.csproj", "{D490E8CD-3616-4F48-BFA9-6ABAFF52A7B6}"
EndProject
Global
	GlobalSection(SolutionConfigurationPlatforms) = preSolution
		Debug|Any CPU = Debug|Any CPU
		Release|Any CPU = Release|Any CPU
	EndGlobalSection
	GlobalSection(SolutionProperties) = preSolution
		HideSolutionNode = FALSE
	EndGlobalSection
	GlobalSection(ProjectConfigurationPlatforms) = postSolution
		{147BCFCB-F90E-40DB-8092-8108BE9C186F}.Debug|Any CPU.ActiveCfg = Debug|Any CPU
		{147BCFCB-F90E-40DB-8092-8108BE9C186F}.Debug|Any CPU.Build.0 = Debug|Any CPU
		{147BCFCB-F90E-40DB-8092-8108BE9C186F}.Release|Any CPU.ActiveCfg = Release|Any CPU
		{147BCFCB-F90E-40DB-8092-8108BE9C186F}.Release|Any CPU.Build.0 = Release|Any CPU
		{0B1A2C24-6846-438B-8168-BAFAD8B81994}.Debug|Any CPU.ActiveCfg = Debug|Any CPU
		{0B1A2C24-6846-438B-8168-BAFAD8B81994}.Debug|Any CPU.Build.0 = Debug|Any CPU
		{0B1A2C24-6846-438B-8168-BAFAD8B81994}.Release|Any CPU.ActiveCfg = Release|Any CPU
		{0B1A2C24-6846-438B-8168-BAFAD8B81994}.Release|Any CPU.Build.0 = Release|Any CPU
		{D490E8CD-3616-4F48-BFA9-6ABAFF52A7B6}.Debug|Any CPU.ActiveCfg = Debug|Any CPU
		{D490E8CD-3616-4F48-BFA9-6ABAFF52A7B6}.Debug|Any CPU.Build.0 = Debug|Any CPU
		{D490E8CD-3616-4F48-BFA9-6ABAFF52A7B6}.Release|Any CPU.ActiveCfg = Release|Any CPU
		{D490E8CD-3616-4F48-BFA9-6ABAFF52A7B6}.Release|Any CPU.Build.0 = Release|Any CPU
	EndGlobalSection
EndGlobal
